
Microsoft Visual Studio Solution File, Format Version 12.00
# Visual Studio Version 17
VisualStudioVersion = 17.10.35027.167
MinimumVisualStudioVersion = 10.0.40219.1
Project("{9A19103F-16F7-4668-BE54-9A1E7A4F7556}") = "StaffMgtAPI", "StaffMgtAPI.csproj", "{EC9AB463-BFBA-46CE-ABCC-C9F653155A80}"
EndProject
Project("{9A19103F-16F7-4668-BE54-9A1E7A4F7556}") = "StaffMgtApiUnitTest", "..\StaffMgtApiUnitTest\StaffMgtApiUnitTest.csproj", "{D4FD59F5-444D-4EF1-80A9-290AB6FFF809}"
EndProject
Global
	GlobalSection(SolutionConfigurationPlatforms) = preSolution
		Debug|Any CPU = Debug|Any CPU
		Release|Any CPU = Release|Any CPU
	EndGlobalSection
	GlobalSection(ProjectConfigurationPlatforms) = postSolution
		{EC9AB463-BFBA-46CE-ABCC-C9F653155A80}.Debug|Any CPU.ActiveCfg = Debug|Any CPU
		{EC9AB463-BFBA-46CE-ABCC-C9F653155A80}.Debug|Any CPU.Build.0 = Debug|Any CPU
		{EC9AB463-BFBA-46CE-ABCC-C9F653155A80}.Release|Any CPU.ActiveCfg = Release|Any CPU
		{EC9AB463-BFBA-46CE-ABCC-C9F653155A80}.Release|Any CPU.Build.0 = Release|Any CPU
		{D4FD59F5-444D-4EF1-80A9-290AB6FFF809}.Debug|Any CPU.ActiveCfg = Debug|Any CPU
		{D4FD59F5-444D-4EF1-80A9-290AB6FFF809}.Debug|Any CPU.Build.0 = Debug|Any CPU
		{D4FD59F5-444D-4EF1-80A9-290AB6FFF809}.Release|Any CPU.ActiveCfg = Release|Any CPU
		{D4FD59F5-444D-4EF1-80A9-290AB6FFF809}.Release|Any CPU.Build.0 = Release|Any CPU
	EndGlobalSection
	GlobalSection(SolutionProperties) = preSolution
		HideSolutionNode = FALSE
	EndGlobalSection
	GlobalSection(ExtensibilityGlobals) = postSolution
		SolutionGuid = {90238AA8-B397-494A-8D06-D78F5956E6BE}
	EndGlobalSection
EndGlobal
