
Microsoft Visual Studio Solution File, Format Version 12.00
# Visual Studio Version 17
VisualStudioVersion = 17.10.35027.167
MinimumVisualStudioVersion = 10.0.40219.1
Project("{9A19103F-16F7-4668-BE54-9A1E7A4F7556}") = "StaffMgtAPI", "StaffMgtApi\StaffMgtAPI.csproj", "{6FFDC0FD-BDFC-48E1-9045-39C70BED8E2A}"
EndProject
Project("{9A19103F-16F7-4668-BE54-9A1E7A4F7556}") = "StaffMgtApiTest", "StaffMgtApiTest\StaffMgtApiTest.csproj", "{A08E00AD-8E80-4DA3-82B8-A4B4288470E8}"
EndProject
Project("{9A19103F-16F7-4668-BE54-9A1E7A4F7556}") = "StaffMgtBlazorApp", "StaffMgtBlazorApp\StaffMgtBlazorApp.csproj", "{7909964F-0753-4462-B0B6-077124F783C5}"
EndProject
Global
	GlobalSection(SolutionConfigurationPlatforms) = preSolution
		Debug|Any CPU = Debug|Any CPU
		Release|Any CPU = Release|Any CPU
	EndGlobalSection
	GlobalSection(ProjectConfigurationPlatforms) = postSolution
		{6FFDC0FD-BDFC-48E1-9045-39C70BED8E2A}.Debug|Any CPU.ActiveCfg = Debug|Any CPU
		{6FFDC0FD-BDFC-48E1-9045-39C70BED8E2A}.Debug|Any CPU.Build.0 = Debug|Any CPU
		{6FFDC0FD-BDFC-48E1-9045-39C70BED8E2A}.Release|Any CPU.ActiveCfg = Release|Any CPU
		{6FFDC0FD-BDFC-48E1-9045-39C70BED8E2A}.Release|Any CPU.Build.0 = Release|Any CPU
		{A08E00AD-8E80-4DA3-82B8-A4B4288470E8}.Debug|Any CPU.ActiveCfg = Debug|Any CPU
		{A08E00AD-8E80-4DA3-82B8-A4B4288470E8}.Debug|Any CPU.Build.0 = Debug|Any CPU
		{A08E00AD-8E80-4DA3-82B8-A4B4288470E8}.Release|Any CPU.ActiveCfg = Release|Any CPU
		{A08E00AD-8E80-4DA3-82B8-A4B4288470E8}.Release|Any CPU.Build.0 = Release|Any CPU
		{7909964F-0753-4462-B0B6-077124F783C5}.Debug|Any CPU.ActiveCfg = Debug|Any CPU
		{7909964F-0753-4462-B0B6-077124F783C5}.Debug|Any CPU.Build.0 = Debug|Any CPU
		{7909964F-0753-4462-B0B6-077124F783C5}.Release|Any CPU.ActiveCfg = Release|Any CPU
		{7909964F-0753-4462-B0B6-077124F783C5}.Release|Any CPU.Build.0 = Release|Any CPU
	EndGlobalSection
	GlobalSection(SolutionProperties) = preSolution
		HideSolutionNode = FALSE
	EndGlobalSection
	GlobalSection(ExtensibilityGlobals) = postSolution
		SolutionGuid = {90238AA8-B397-494A-8D06-D78F5956E6BE}
	EndGlobalSection
EndGlobal
